// !$*UTF8*$!
{
	archiveVersion = 1;
	classes = {
	};
	objectVersion = 50;
	objects = {

/* Begin PBXBuildFile section */
		D00D1D451DD00A25001B4866 /* Resource.swift in Sources */ = {isa = PBXBuildFile; fileRef = D00D1D441DD00A25001B4866 /* Resource.swift */; };
		D00D1D481DD00B10001B4866 /* StringResource.swift in Sources */ = {isa = PBXBuildFile; fileRef = D00D1D471DD00B10001B4866 /* StringResource.swift */; };
		D00D1D4A1DD00C35001B4866 /* StringResourceTests.swift in Sources */ = {isa = PBXBuildFile; fileRef = D00D1D491DD00C35001B4866 /* StringResourceTests.swift */; };
		D00D1D4D1DD00DA1001B4866 /* LocalizedStringResource.swift in Sources */ = {isa = PBXBuildFile; fileRef = D00D1D4C1DD00DA1001B4866 /* LocalizedStringResource.swift */; };
		D00D1D4F1DD00EC7001B4866 /* LocalizedStringResourceTests.swift in Sources */ = {isa = PBXBuildFile; fileRef = D00D1D4E1DD00EC7001B4866 /* LocalizedStringResourceTests.swift */; };
		D05E132C1DDA7DD3004E935D /* StoryboardResource.swift in Sources */ = {isa = PBXBuildFile; fileRef = D05E132B1DDA7DD3004E935D /* StoryboardResource.swift */; };
		D05E132E1DDA7EA8004E935D /* StoryboardResourceTests.swift in Sources */ = {isa = PBXBuildFile; fileRef = D05E132D1DDA7EA8004E935D /* StoryboardResourceTests.swift */; };
		D05E13311DDA7F93004E935D /* Test.storyboard in Resources */ = {isa = PBXBuildFile; fileRef = D05E13301DDA7F93004E935D /* Test.storyboard */; };
		D05E13341DDA8248004E935D /* LocalizedUserNotificationStringResource.swift in Sources */ = {isa = PBXBuildFile; fileRef = D05E13321DDA8208004E935D /* LocalizedUserNotificationStringResource.swift */; };
		D05E13361DDA8293004E935D /* LocalizedUserNotificationStringResourceTests.swift in Sources */ = {isa = PBXBuildFile; fileRef = D05E13351DDA8293004E935D /* LocalizedUserNotificationStringResourceTests.swift */; };
		D05E13381DDA830D004E935D /* ViewControllerResource.swift in Sources */ = {isa = PBXBuildFile; fileRef = D05E13371DDA830D004E935D /* ViewControllerResource.swift */; };
		D05E133A1DDA8396004E935D /* ViewControllerResourceTests.swift in Sources */ = {isa = PBXBuildFile; fileRef = D05E13391DDA8396004E935D /* ViewControllerResourceTests.swift */; };
		D05E133D1DDA856B004E935D /* AlertControllerResource.swift in Sources */ = {isa = PBXBuildFile; fileRef = D05E133B1DDA8509004E935D /* AlertControllerResource.swift */; };
		D05E133F1DDA85BD004E935D /* AlertControllerResourceTests.swift in Sources */ = {isa = PBXBuildFile; fileRef = D05E133E1DDA85BD004E935D /* AlertControllerResourceTests.swift */; };
		D084B6C91DF67BE6002ED90B /* AlertActionResource.swift in Sources */ = {isa = PBXBuildFile; fileRef = D084B6C81DF67BE6002ED90B /* AlertActionResource.swift */; };
		D084B6CB1DF67BF8002ED90B /* AlertActionResourceTests.swift in Sources */ = {isa = PBXBuildFile; fileRef = D084B6CA1DF67BF8002ED90B /* AlertActionResourceTests.swift */; };
		D0B059B71D65902E009C84FC /* Resource.framework in Frameworks */ = {isa = PBXBuildFile; fileRef = D0B1729A1D45A1EB0079A2F2 /* Resource.framework */; };
		D0B172BA1D45A2220079A2F2 /* Resource.h in Headers */ = {isa = PBXBuildFile; fileRef = D0B172AF1D45A2220079A2F2 /* Resource.h */; settings = {ATTRIBUTES = (Public, ); }; };
/* End PBXBuildFile section */

/* Begin PBXContainerItemProxy section */
		D0B059B81D65902E009C84FC /* PBXContainerItemProxy */ = {
			isa = PBXContainerItemProxy;
			containerPortal = D0B172911D45A1EB0079A2F2 /* Project object */;
			proxyType = 1;
			remoteGlobalIDString = D0B172991D45A1EB0079A2F2;
			remoteInfo = Resource;
		};
/* End PBXContainerItemProxy section */

/* Begin PBXFileReference section */
		D00D1D441DD00A25001B4866 /* Resource.swift */ = {isa = PBXFileReference; lastKnownFileType = sourcecode.swift; path = Resource.swift; sourceTree = "<group>"; };
		D00D1D471DD00B10001B4866 /* StringResource.swift */ = {isa = PBXFileReference; lastKnownFileType = sourcecode.swift; path = StringResource.swift; sourceTree = "<group>"; };
		D00D1D491DD00C35001B4866 /* StringResourceTests.swift */ = {isa = PBXFileReference; lastKnownFileType = sourcecode.swift; path = StringResourceTests.swift; sourceTree = "<group>"; };
		D00D1D4C1DD00DA1001B4866 /* LocalizedStringResource.swift */ = {isa = PBXFileReference; lastKnownFileType = sourcecode.swift; path = LocalizedStringResource.swift; sourceTree = "<group>"; };
		D00D1D4E1DD00EC7001B4866 /* LocalizedStringResourceTests.swift */ = {isa = PBXFileReference; lastKnownFileType = sourcecode.swift; path = LocalizedStringResourceTests.swift; sourceTree = "<group>"; };
		D05E132B1DDA7DD3004E935D /* StoryboardResource.swift */ = {isa = PBXFileReference; lastKnownFileType = sourcecode.swift; path = StoryboardResource.swift; sourceTree = "<group>"; };
		D05E132D1DDA7EA8004E935D /* StoryboardResourceTests.swift */ = {isa = PBXFileReference; lastKnownFileType = sourcecode.swift; path = StoryboardResourceTests.swift; sourceTree = "<group>"; };
		D05E13301DDA7F93004E935D /* Test.storyboard */ = {isa = PBXFileReference; lastKnownFileType = file.storyboard; path = Test.storyboard; sourceTree = "<group>"; };
		D05E13321DDA8208004E935D /* LocalizedUserNotificationStringResource.swift */ = {isa = PBXFileReference; lastKnownFileType = sourcecode.swift; path = LocalizedUserNotificationStringResource.swift; sourceTree = "<group>"; };
		D05E13351DDA8293004E935D /* LocalizedUserNotificationStringResourceTests.swift */ = {isa = PBXFileReference; lastKnownFileType = sourcecode.swift; path = LocalizedUserNotificationStringResourceTests.swift; sourceTree = "<group>"; };
		D05E13371DDA830D004E935D /* ViewControllerResource.swift */ = {isa = PBXFileReference; lastKnownFileType = sourcecode.swift; path = ViewControllerResource.swift; sourceTree = "<group>"; };
		D05E13391DDA8396004E935D /* ViewControllerResourceTests.swift */ = {isa = PBXFileReference; lastKnownFileType = sourcecode.swift; path = ViewControllerResourceTests.swift; sourceTree = "<group>"; };
		D05E133B1DDA8509004E935D /* AlertControllerResource.swift */ = {isa = PBXFileReference; lastKnownFileType = sourcecode.swift; path = AlertControllerResource.swift; sourceTree = "<group>"; };
		D05E133E1DDA85BD004E935D /* AlertControllerResourceTests.swift */ = {isa = PBXFileReference; lastKnownFileType = sourcecode.swift; path = AlertControllerResourceTests.swift; sourceTree = "<group>"; };
		D084B6C81DF67BE6002ED90B /* AlertActionResource.swift */ = {isa = PBXFileReference; lastKnownFileType = sourcecode.swift; path = AlertActionResource.swift; sourceTree = "<group>"; };
		D084B6CA1DF67BF8002ED90B /* AlertActionResourceTests.swift */ = {isa = PBXFileReference; lastKnownFileType = sourcecode.swift; path = AlertActionResourceTests.swift; sourceTree = "<group>"; };
		D094FFE41F14856E00E602A9 /* Info.plist */ = {isa = PBXFileReference; lastKnownFileType = text.plist.xml; path = Info.plist; sourceTree = "<group>"; };
		D094FFE71F14868B00E602A9 /* Info.plist */ = {isa = PBXFileReference; lastKnownFileType = text.plist.xml; path = Info.plist; sourceTree = "<group>"; };
		D0B059B21D65902E009C84FC /* Tests.xctest */ = {isa = PBXFileReference; explicitFileType = wrapper.cfbundle; includeInIndex = 0; path = Tests.xctest; sourceTree = BUILT_PRODUCTS_DIR; };
		D0B1729A1D45A1EB0079A2F2 /* Resource.framework */ = {isa = PBXFileReference; explicitFileType = wrapper.framework; includeInIndex = 0; path = Resource.framework; sourceTree = BUILT_PRODUCTS_DIR; };
		D0B172AF1D45A2220079A2F2 /* Resource.h */ = {isa = PBXFileReference; lastKnownFileType = sourcecode.c.h; path = Resource.h; sourceTree = "<group>"; };
/* End PBXFileReference section */

/* Begin PBXFrameworksBuildPhase section */
		D0B059AF1D65902E009C84FC /* Frameworks */ = {
			isa = PBXFrameworksBuildPhase;
			buildActionMask = 2147483647;
			files = (
				D0B059B71D65902E009C84FC /* Resource.framework in Frameworks */,
			);
			runOnlyForDeploymentPostprocessing = 0;
		};
		D0B172961D45A1EB0079A2F2 /* Frameworks */ = {
			isa = PBXFrameworksBuildPhase;
			buildActionMask = 2147483647;
			files = (
			);
			runOnlyForDeploymentPostprocessing = 0;
		};
/* End PBXFrameworksBuildPhase section */

/* Begin PBXGroup section */
		D094FFDE1F14848700E602A9 /* Resources */ = {
			isa = PBXGroup;
			children = (
				D00D1D441DD00A25001B4866 /* Resource.swift */,
				D084B6C81DF67BE6002ED90B /* AlertActionResource.swift */,
				D05E133B1DDA8509004E935D /* AlertControllerResource.swift */,
				D00D1D4C1DD00DA1001B4866 /* LocalizedStringResource.swift */,
				D05E13321DDA8208004E935D /* LocalizedUserNotificationStringResource.swift */,
				D05E132B1DDA7DD3004E935D /* StoryboardResource.swift */,
				D00D1D471DD00B10001B4866 /* StringResource.swift */,
				D05E13371DDA830D004E935D /* ViewControllerResource.swift */,
			);
			path = Resources;
			sourceTree = "<group>";
		};
		D094FFDF1F1484BB00E602A9 /* ResourcesTests */ = {
			isa = PBXGroup;
			children = (
				D084B6CA1DF67BF8002ED90B /* AlertActionResourceTests.swift */,
				D05E133E1DDA85BD004E935D /* AlertControllerResourceTests.swift */,
				D00D1D4E1DD00EC7001B4866 /* LocalizedStringResourceTests.swift */,
				D05E13351DDA8293004E935D /* LocalizedUserNotificationStringResourceTests.swift */,
				D05E132D1DDA7EA8004E935D /* StoryboardResourceTests.swift */,
				D00D1D491DD00C35001B4866 /* StringResourceTests.swift */,
				D05E13391DDA8396004E935D /* ViewControllerResourceTests.swift */,
			);
			path = ResourcesTests;
			sourceTree = "<group>";
		};
		D094FFE01F1484D400E602A9 /* Resources */ = {
			isa = PBXGroup;
			children = (
				D05E13301DDA7F93004E935D /* Test.storyboard */,
			);
			path = Resources;
			sourceTree = "<group>";
		};
		D094FFE31F14855600E602A9 /* Supports */ = {
			isa = PBXGroup;
			children = (
				D094FFE41F14856E00E602A9 /* Info.plist */,
			);
			path = Supports;
			sourceTree = "<group>";
		};
		D094FFE51F14859F00E602A9 /* Supports */ = {
			isa = PBXGroup;
			children = (
				D094FFE71F14868B00E602A9 /* Info.plist */,
				D0B172AF1D45A2220079A2F2 /* Resource.h */,
			);
			path = Supports;
			sourceTree = "<group>";
		};
		D0B059B31D65902E009C84FC /* Tests */ = {
			isa = PBXGroup;
			children = (
				D094FFDF1F1484BB00E602A9 /* ResourcesTests */,
				D094FFE01F1484D400E602A9 /* Resources */,
				D094FFE31F14855600E602A9 /* Supports */,
			);
			path = Tests;
			sourceTree = "<group>";
		};
		D0B172901D45A1EB0079A2F2 = {
			isa = PBXGroup;
			children = (
				D0B1729C1D45A1EB0079A2F2 /* Sources */,
				D0B059B31D65902E009C84FC /* Tests */,
				D0B1729B1D45A1EB0079A2F2 /* Products */,
			);
			sourceTree = "<group>";
		};
		D0B1729B1D45A1EB0079A2F2 /* Products */ = {
			isa = PBXGroup;
			children = (
				D0B1729A1D45A1EB0079A2F2 /* Resource.framework */,
				D0B059B21D65902E009C84FC /* Tests.xctest */,
			);
			name = Products;
			sourceTree = "<group>";
		};
		D0B1729C1D45A1EB0079A2F2 /* Sources */ = {
			isa = PBXGroup;
			children = (
				D094FFDE1F14848700E602A9 /* Resources */,
				D094FFE51F14859F00E602A9 /* Supports */,
			);
			path = Sources;
			sourceTree = "<group>";
		};
/* End PBXGroup section */

/* Begin PBXHeadersBuildPhase section */
		D0B172971D45A1EB0079A2F2 /* Headers */ = {
			isa = PBXHeadersBuildPhase;
			buildActionMask = 2147483647;
			files = (
				D0B172BA1D45A2220079A2F2 /* Resource.h in Headers */,
			);
			runOnlyForDeploymentPostprocessing = 0;
		};
/* End PBXHeadersBuildPhase section */

/* Begin PBXNativeTarget section */
		D0B059B11D65902E009C84FC /* Tests */ = {
			isa = PBXNativeTarget;
			buildConfigurationList = D0B059BA1D65902E009C84FC /* Build configuration list for PBXNativeTarget "Tests" */;
			buildPhases = (
				D0B059AE1D65902E009C84FC /* Sources */,
				D0B059AF1D65902E009C84FC /* Frameworks */,
				D0B059B01D65902E009C84FC /* Resources */,
				D020EAFF1F108D03005D4AF9 /* Run Linter */,
			);
			buildRules = (
			);
			dependencies = (
				D0B059B91D65902E009C84FC /* PBXTargetDependency */,
			);
			name = Tests;
			productName = Tests;
			productReference = D0B059B21D65902E009C84FC /* Tests.xctest */;
			productType = "com.apple.product-type.bundle.unit-test";
		};
		D0B172991D45A1EB0079A2F2 /* Resource */ = {
			isa = PBXNativeTarget;
			buildConfigurationList = D0B172A21D45A1EB0079A2F2 /* Build configuration list for PBXNativeTarget "Resource" */;
			buildPhases = (
				D0B172951D45A1EB0079A2F2 /* Sources */,
				D0B172961D45A1EB0079A2F2 /* Frameworks */,
				D0B172971D45A1EB0079A2F2 /* Headers */,
				D0B172981D45A1EB0079A2F2 /* Resources */,
				D020EAFE1F108C20005D4AF9 /* Run Linter */,
			);
			buildRules = (
			);
			dependencies = (
			);
			name = Resource;
			productName = Resource;
			productReference = D0B1729A1D45A1EB0079A2F2 /* Resource.framework */;
			productType = "com.apple.product-type.framework";
		};
/* End PBXNativeTarget section */

/* Begin PBXProject section */
		D0B172911D45A1EB0079A2F2 /* Project object */ = {
			isa = PBXProject;
			attributes = {
				LastSwiftUpdateCheck = 0800;
				LastUpgradeCheck = 0930;
				ORGANIZATIONNAME = TintPoint;
				TargetAttributes = {
					D0B059B11D65902E009C84FC = {
						CreatedOnToolsVersion = 8.0;
						LastSwiftMigration = 0900;
						ProvisioningStyle = Automatic;
					};
					D0B172991D45A1EB0079A2F2 = {
						CreatedOnToolsVersion = 8.0;
						LastSwiftMigration = 0900;
						ProvisioningStyle = Automatic;
					};
				};
			};
			buildConfigurationList = D0B172941D45A1EB0079A2F2 /* Build configuration list for PBXProject "Resource" */;
			compatibilityVersion = "Xcode 9.3";
			developmentRegion = English;
			hasScannedForEncodings = 0;
			knownRegions = (
				en,
			);
			mainGroup = D0B172901D45A1EB0079A2F2;
			productRefGroup = D0B1729B1D45A1EB0079A2F2 /* Products */;
			projectDirPath = "";
			projectRoot = "";
			targets = (
				D0B172991D45A1EB0079A2F2 /* Resource */,
				D0B059B11D65902E009C84FC /* Tests */,
			);
		};
/* End PBXProject section */

/* Begin PBXResourcesBuildPhase section */
		D0B059B01D65902E009C84FC /* Resources */ = {
			isa = PBXResourcesBuildPhase;
			buildActionMask = 2147483647;
			files = (
				D05E13311DDA7F93004E935D /* Test.storyboard in Resources */,
			);
			runOnlyForDeploymentPostprocessing = 0;
		};
		D0B172981D45A1EB0079A2F2 /* Resources */ = {
			isa = PBXResourcesBuildPhase;
			buildActionMask = 2147483647;
			files = (
			);
			runOnlyForDeploymentPostprocessing = 0;
		};
/* End PBXResourcesBuildPhase section */

/* Begin PBXShellScriptBuildPhase section */
		D020EAFE1F108C20005D4AF9 /* Run Linter */ = {
			isa = PBXShellScriptBuildPhase;
			buildActionMask = 2147483647;
			files = (
			);
			inputPaths = (
			);
			name = "Run Linter";
			outputPaths = (
			);
			runOnlyForDeploymentPostprocessing = 0;
			shellPath = /bin/sh;
			shellScript = "if which swiftlint >/dev/null; then\nswiftlint\nelse\necho \"warning: SwiftLint is not installed\"\nfi";
		};
		D020EAFF1F108D03005D4AF9 /* Run Linter */ = {
			isa = PBXShellScriptBuildPhase;
			buildActionMask = 2147483647;
			files = (
			);
			inputPaths = (
			);
			name = "Run Linter";
			outputPaths = (
			);
			runOnlyForDeploymentPostprocessing = 0;
			shellPath = /bin/sh;
			shellScript = "if which swiftlint >/dev/null; then\nswiftlint\nelse\necho \"warning: SwiftLint is not installed\"\nfi";
		};
/* End PBXShellScriptBuildPhase section */

/* Begin PBXSourcesBuildPhase section */
		D0B059AE1D65902E009C84FC /* Sources */ = {
			isa = PBXSourcesBuildPhase;
			buildActionMask = 2147483647;
			files = (
				D084B6CB1DF67BF8002ED90B /* AlertActionResourceTests.swift in Sources */,
				D05E13361DDA8293004E935D /* LocalizedUserNotificationStringResourceTests.swift in Sources */,
				D00D1D4F1DD00EC7001B4866 /* LocalizedStringResourceTests.swift in Sources */,
				D00D1D4A1DD00C35001B4866 /* StringResourceTests.swift in Sources */,
				D05E133A1DDA8396004E935D /* ViewControllerResourceTests.swift in Sources */,
				D05E133F1DDA85BD004E935D /* AlertControllerResourceTests.swift in Sources */,
				D05E132E1DDA7EA8004E935D /* StoryboardResourceTests.swift in Sources */,
			);
			runOnlyForDeploymentPostprocessing = 0;
		};
		D0B172951D45A1EB0079A2F2 /* Sources */ = {
			isa = PBXSourcesBuildPhase;
			buildActionMask = 2147483647;
			files = (
				D05E13381DDA830D004E935D /* ViewControllerResource.swift in Sources */,
				D05E13341DDA8248004E935D /* LocalizedUserNotificationStringResource.swift in Sources */,
				D084B6C91DF67BE6002ED90B /* AlertActionResource.swift in Sources */,
				D05E132C1DDA7DD3004E935D /* StoryboardResource.swift in Sources */,
				D00D1D481DD00B10001B4866 /* StringResource.swift in Sources */,
				D05E133D1DDA856B004E935D /* AlertControllerResource.swift in Sources */,
				D00D1D451DD00A25001B4866 /* Resource.swift in Sources */,
				D00D1D4D1DD00DA1001B4866 /* LocalizedStringResource.swift in Sources */,
			);
			runOnlyForDeploymentPostprocessing = 0;
		};
/* End PBXSourcesBuildPhase section */

/* Begin PBXTargetDependency section */
		D0B059B91D65902E009C84FC /* PBXTargetDependency */ = {
			isa = PBXTargetDependency;
			target = D0B172991D45A1EB0079A2F2 /* Resource */;
			targetProxy = D0B059B81D65902E009C84FC /* PBXContainerItemProxy */;
		};
/* End PBXTargetDependency section */

/* Begin XCBuildConfiguration section */
		D0B059BB1D65902E009C84FC /* Debug */ = {
			isa = XCBuildConfiguration;
			buildSettings = {
				INFOPLIST_FILE = Tests/Supports/Info.plist;
				IPHONEOS_DEPLOYMENT_TARGET = 10.0;
				LD_RUNPATH_SEARCH_PATHS = (
					"$(inherited)",
					"@executable_path/Frameworks",
					"@loader_path/Frameworks",
				);
				PRODUCT_BUNDLE_IDENTIFIER = com.tintpoint.ResourceTests;
				PRODUCT_NAME = "$(TARGET_NAME)";
			};
			name = Debug;
		};
		D0B059BC1D65902E009C84FC /* Release */ = {
			isa = XCBuildConfiguration;
			buildSettings = {
				INFOPLIST_FILE = Tests/Supports/Info.plist;
				IPHONEOS_DEPLOYMENT_TARGET = 10.0;
				LD_RUNPATH_SEARCH_PATHS = (
					"$(inherited)",
					"@executable_path/Frameworks",
					"@loader_path/Frameworks",
				);
				PRODUCT_BUNDLE_IDENTIFIER = com.tintpoint.ResourceTests;
				PRODUCT_NAME = "$(TARGET_NAME)";
			};
			name = Release;
		};
		D0B172A01D45A1EB0079A2F2 /* Debug */ = {
			isa = XCBuildConfiguration;
			buildSettings = {
				ALWAYS_SEARCH_USER_PATHS = NO;
				CLANG_ANALYZER_NONNULL = YES;
				CLANG_ENABLE_MODULES = YES;
				CLANG_ENABLE_OBJC_ARC = YES;
				CLANG_WARN_BLOCK_CAPTURE_AUTORELEASING = YES;
				CLANG_WARN_BOOL_CONVERSION = YES;
				CLANG_WARN_COMMA = YES;
				CLANG_WARN_CONSTANT_CONVERSION = YES;
				CLANG_WARN_DEPRECATED_OBJC_IMPLEMENTATIONS = YES;
				CLANG_WARN_DOCUMENTATION_COMMENTS = YES;
				CLANG_WARN_EMPTY_BODY = YES;
				CLANG_WARN_ENUM_CONVERSION = YES;
				CLANG_WARN_INFINITE_RECURSION = YES;
				CLANG_WARN_INT_CONVERSION = YES;
				CLANG_WARN_NON_LITERAL_NULL_CONVERSION = YES;
				CLANG_WARN_OBJC_IMPLICIT_RETAIN_SELF = YES;
				CLANG_WARN_OBJC_LITERAL_CONVERSION = YES;
				CLANG_WARN_RANGE_LOOP_ANALYSIS = YES;
				CLANG_WARN_STRICT_PROTOTYPES = YES;
				CLANG_WARN_SUSPICIOUS_MOVE = YES;
				CLANG_WARN_UNREACHABLE_CODE = YES_AGGRESSIVE;
				CLANG_WARN__DUPLICATE_METHOD_MATCH = YES;
				COPY_PHASE_STRIP = NO;
				CURRENT_PROJECT_VERSION = 1;
				DEBUG_INFORMATION_FORMAT = dwarf;
				DEFINES_MODULE = YES;
				ENABLE_STRICT_OBJC_MSGSEND = YES;
				ENABLE_TESTABILITY = YES;
				GCC_NO_COMMON_BLOCKS = YES;
				GCC_OPTIMIZATION_LEVEL = 0;
				GCC_WARN_64_TO_32_BIT_CONVERSION = YES;
				GCC_WARN_ABOUT_MISSING_NEWLINE = YES;
				GCC_WARN_ABOUT_RETURN_TYPE = YES_ERROR;
				GCC_WARN_UNDECLARED_SELECTOR = YES;
				GCC_WARN_UNINITIALIZED_AUTOS = YES_AGGRESSIVE;
				GCC_WARN_UNUSED_FUNCTION = YES;
				GCC_WARN_UNUSED_VARIABLE = YES;
				ONLY_ACTIVE_ARCH = YES;
				SDKROOT = iphoneos;
				SWIFT_ACTIVE_COMPILATION_CONDITIONS = DEBUG;
				SWIFT_COMPILATION_MODE = singlefile;
				SWIFT_OPTIMIZATION_LEVEL = "-Onone";
				SWIFT_VERSION = 4.0;
				TARGETED_DEVICE_FAMILY = "1,2";
				VERSIONING_SYSTEM = "apple-generic";
			};
			name = Debug;
		};
		D0B172A11D45A1EB0079A2F2 /* Release */ = {
			isa = XCBuildConfiguration;
			buildSettings = {
				ALWAYS_SEARCH_USER_PATHS = NO;
				CLANG_ANALYZER_NONNULL = YES;
				CLANG_ENABLE_MODULES = YES;
				CLANG_ENABLE_OBJC_ARC = YES;
				CLANG_WARN_BLOCK_CAPTURE_AUTORELEASING = YES;
				CLANG_WARN_BOOL_CONVERSION = YES;
				CLANG_WARN_COMMA = YES;
				CLANG_WARN_CONSTANT_CONVERSION = YES;
				CLANG_WARN_DEPRECATED_OBJC_IMPLEMENTATIONS = YES;
				CLANG_WARN_DOCUMENTATION_COMMENTS = YES;
				CLANG_WARN_EMPTY_BODY = YES;
				CLANG_WARN_ENUM_CONVERSION = YES;
				CLANG_WARN_INFINITE_RECURSION = YES;
				CLANG_WARN_INT_CONVERSION = YES;
				CLANG_WARN_NON_LITERAL_NULL_CONVERSION = YES;
				CLANG_WARN_OBJC_IMPLICIT_RETAIN_SELF = YES;
				CLANG_WARN_OBJC_LITERAL_CONVERSION = YES;
				CLANG_WARN_RANGE_LOOP_ANALYSIS = YES;
				CLANG_WARN_STRICT_PROTOTYPES = YES;
				CLANG_WARN_SUSPICIOUS_MOVE = YES;
				CLANG_WARN_UNREACHABLE_CODE = YES_AGGRESSIVE;
				CLANG_WARN__DUPLICATE_METHOD_MATCH = YES;
				COPY_PHASE_STRIP = NO;
				CURRENT_PROJECT_VERSION = 1;
				DEFINES_MODULE = YES;
				ENABLE_NS_ASSERTIONS = NO;
				ENABLE_STRICT_OBJC_MSGSEND = YES;
				GCC_NO_COMMON_BLOCKS = YES;
				GCC_WARN_64_TO_32_BIT_CONVERSION = YES;
				GCC_WARN_ABOUT_MISSING_NEWLINE = YES;
				GCC_WARN_ABOUT_RETURN_TYPE = YES_ERROR;
				GCC_WARN_UNDECLARED_SELECTOR = YES;
				GCC_WARN_UNINITIALIZED_AUTOS = YES_AGGRESSIVE;
				GCC_WARN_UNUSED_FUNCTION = YES;
				GCC_WARN_UNUSED_VARIABLE = YES;
				SDKROOT = iphoneos;
				SWIFT_COMPILATION_MODE = wholemodule;
				SWIFT_OPTIMIZATION_LEVEL = "-O";
				SWIFT_VERSION = 4.0;
				TARGETED_DEVICE_FAMILY = "1,2";
				VALIDATE_PRODUCT = YES;
				VERSIONING_SYSTEM = "apple-generic";
			};
			name = Release;
		};
		D0B172A31D45A1EB0079A2F2 /* Debug */ = {
			isa = XCBuildConfiguration;
			buildSettings = {
				APPLICATION_EXTENSION_API_ONLY = YES;
				DYLIB_COMPATIBILITY_VERSION = 1;
				DYLIB_CURRENT_VERSION = 1;
				DYLIB_INSTALL_NAME_BASE = "@rpath";
				INFOPLIST_FILE = Sources/Supports/Info.plist;
				IPHONEOS_DEPLOYMENT_TARGET = 10.0;
				LD_RUNPATH_SEARCH_PATHS = (
					"$(inherited)",
					"@executable_path/Frameworks",
					"@loader_path/Frameworks",
				);
				PRODUCT_BUNDLE_IDENTIFIER = com.tintpoint.Resource;
				PRODUCT_NAME = "$(TARGET_NAME)";
				SKIP_INSTALL = YES;
			};
			name = Debug;
		};
		D0B172A41D45A1EB0079A2F2 /* Release */ = {
			isa = XCBuildConfiguration;
			buildSettings = {
				APPLICATION_EXTENSION_API_ONLY = YES;
				DYLIB_COMPATIBILITY_VERSION = 1;
				DYLIB_CURRENT_VERSION = 1;
				DYLIB_INSTALL_NAME_BASE = "@rpath";
				INFOPLIST_FILE = Sources/Supports/Info.plist;
				IPHONEOS_DEPLOYMENT_TARGET = 10.0;
				LD_RUNPATH_SEARCH_PATHS = (
					"$(inherited)",
					"@executable_path/Frameworks",
					"@loader_path/Frameworks",
				);
				PRODUCT_BUNDLE_IDENTIFIER = com.tintpoint.Resource;
				PRODUCT_NAME = Resource;
				SKIP_INSTALL = YES;
			};
			name = Release;
		};
/* End XCBuildConfiguration section */

/* Begin XCConfigurationList section */
		D0B059BA1D65902E009C84FC /* Build configuration list for PBXNativeTarget "Tests" */ = {
			isa = XCConfigurationList;
			buildConfigurations = (
				D0B059BB1D65902E009C84FC /* Debug */,
				D0B059BC1D65902E009C84FC /* Release */,
			);
			defaultConfigurationIsVisible = 0;
			defaultConfigurationName = Release;
		};
		D0B172941D45A1EB0079A2F2 /* Build configuration list for PBXProject "Resource" */ = {
			isa = XCConfigurationList;
			buildConfigurations = (
				D0B172A01D45A1EB0079A2F2 /* Debug */,
				D0B172A11D45A1EB0079A2F2 /* Release */,
			);
			defaultConfigurationIsVisible = 0;
			defaultConfigurationName = Release;
		};
		D0B172A21D45A1EB0079A2F2 /* Build configuration list for PBXNativeTarget "Resource" */ = {
			isa = XCConfigurationList;
			buildConfigurations = (
				D0B172A31D45A1EB0079A2F2 /* Debug */,
				D0B172A41D45A1EB0079A2F2 /* Release */,
			);
			defaultConfigurationIsVisible = 0;
			defaultConfigurationName = Release;
		};
/* End XCConfigurationList section */
	};
	rootObject = D0B172911D45A1EB0079A2F2 /* Project object */;
}
